
Microsoft Visual Studio Solution File, Format Version 12.00
# Visual Studio Version 17
VisualStudioVersion = 17.13.35806.99 d17.13
MinimumVisualStudioVersion = 10.0.40219.1
Project("{FAE04EC0-301F-11D3-BF4B-00C04F79EFBC}") = "BasicPractice", "BasicPractice.csproj", "{B89A1105-5A1F-4307-A19B-4AB64B0BB1EC}"
EndProject
Global
	GlobalSection(SolutionConfigurationPlatforms) = preSolution
		Debug|Any CPU = Debug|Any CPU
		Release|Any CPU = Release|Any CPU
	EndGlobalSection
	GlobalSection(ProjectConfigurationPlatforms) = postSolution
		{B89A1105-5A1F-4307-A19B-4AB64B0BB1EC}.Debug|Any CPU.ActiveCfg = Debug|Any CPU
		{B89A1105-5A1F-4307-A19B-4AB64B0BB1EC}.Debug|Any CPU.Build.0 = Debug|Any CPU
		{B89A1105-5A1F-4307-A19B-4AB64B0BB1EC}.Release|Any CPU.ActiveCfg = Release|Any CPU
		{B89A1105-5A1F-4307-A19B-4AB64B0BB1EC}.Release|Any CPU.Build.0 = Release|Any CPU
	EndGlobalSection
	GlobalSection(SolutionProperties) = preSolution
		HideSolutionNode = FALSE
	EndGlobalSection
	GlobalSection(ExtensibilityGlobals) = postSolution
		SolutionGuid = {26DE7F45-9E86-46F9-B901-B5FB1A085862}
	EndGlobalSection
EndGlobal
